
Microsoft Visual Studio Solution File, Format Version 12.00
# Visual Studio Version 17
VisualStudioVersion = 17.14.36221.1
MinimumVisualStudioVersion = 10.0.40219.1
Project("{8BC9CEB8-8B4A-11D0-8D11-00A0C91BC942}") = "SOLID", "Design Principles\SOLID\SOLID.vcxproj", "{6E5EF922-CD5B-42C7-8FF4-20B838CC5A01}"
EndProject
Project("{8BC9CEB8-8B4A-11D0-8D11-00A0C91BC942}") = "Singleton", "Design Patterns\Singleton\Singleton.vcxproj", "{A6E892BF-6B5A-4645-881D-A8EB618F3C84}"
EndProject
Project("{8BC9CEB8-8B4A-11D0-8D11-00A0C91BC942}") = "Heap", "Data Structure\Heap\Heap.vcxproj", "{DA24A51B-B314-4D7E-91B3-52545A4ED94D}"
EndProject
Project("{8BC9CEB8-8B4A-11D0-8D11-00A0C91BC942}") = "OperationOverload", "Others\OperationOverload\OperationOverload.vcxproj", "{10298B35-271A-4B78-BC41-9EDC7B940918}"
EndProject
Global
	GlobalSection(SolutionConfigurationPlatforms) = preSolution
		Debug|x64 = Debug|x64
		Debug|x86 = Debug|x86
		Release|x64 = Release|x64
		Release|x86 = Release|x86
	EndGlobalSection
	GlobalSection(ProjectConfigurationPlatforms) = postSolution
		{6E5EF922-CD5B-42C7-8FF4-20B838CC5A01}.Debug|x64.ActiveCfg = Debug|x64
		{6E5EF922-CD5B-42C7-8FF4-20B838CC5A01}.Debug|x64.Build.0 = Debug|x64
		{6E5EF922-CD5B-42C7-8FF4-20B838CC5A01}.Debug|x86.ActiveCfg = Debug|Win32
		{6E5EF922-CD5B-42C7-8FF4-20B838CC5A01}.Debug|x86.Build.0 = Debug|Win32
		{6E5EF922-CD5B-42C7-8FF4-20B838CC5A01}.Release|x64.ActiveCfg = Release|x64
		{6E5EF922-CD5B-42C7-8FF4-20B838CC5A01}.Release|x64.Build.0 = Release|x64
		{6E5EF922-CD5B-42C7-8FF4-20B838CC5A01}.Release|x86.ActiveCfg = Release|Win32
		{6E5EF922-CD5B-42C7-8FF4-20B838CC5A01}.Release|x86.Build.0 = Release|Win32
		{A6E892BF-6B5A-4645-881D-A8EB618F3C84}.Debug|x64.ActiveCfg = Debug|x64
		{A6E892BF-6B5A-4645-881D-A8EB618F3C84}.Debug|x64.Build.0 = Debug|x64
		{A6E892BF-6B5A-4645-881D-A8EB618F3C84}.Debug|x86.ActiveCfg = Debug|Win32
		{A6E892BF-6B5A-4645-881D-A8EB618F3C84}.Debug|x86.Build.0 = Debug|Win32
		{A6E892BF-6B5A-4645-881D-A8EB618F3C84}.Release|x64.ActiveCfg = Release|x64
		{A6E892BF-6B5A-4645-881D-A8EB618F3C84}.Release|x64.Build.0 = Release|x64
		{A6E892BF-6B5A-4645-881D-A8EB618F3C84}.Release|x86.ActiveCfg = Release|Win32
		{A6E892BF-6B5A-4645-881D-A8EB618F3C84}.Release|x86.Build.0 = Release|Win32
		{DA24A51B-B314-4D7E-91B3-52545A4ED94D}.Debug|x64.ActiveCfg = Debug|x64
		{DA24A51B-B314-4D7E-91B3-52545A4ED94D}.Debug|x64.Build.0 = Debug|x64
		{DA24A51B-B314-4D7E-91B3-52545A4ED94D}.Debug|x86.ActiveCfg = Debug|Win32
		{DA24A51B-B314-4D7E-91B3-52545A4ED94D}.Debug|x86.Build.0 = Debug|Win32
		{DA24A51B-B314-4D7E-91B3-52545A4ED94D}.Release|x64.ActiveCfg = Release|x64
		{DA24A51B-B314-4D7E-91B3-52545A4ED94D}.Release|x64.Build.0 = Release|x64
		{DA24A51B-B314-4D7E-91B3-52545A4ED94D}.Release|x86.ActiveCfg = Release|Win32
		{DA24A51B-B314-4D7E-91B3-52545A4ED94D}.Release|x86.Build.0 = Release|Win32
		{10298B35-271A-4B78-BC41-9EDC7B940918}.Debug|x64.ActiveCfg = Debug|x64
		{10298B35-271A-4B78-BC41-9EDC7B940918}.Debug|x64.Build.0 = Debug|x64
		{10298B35-271A-4B78-BC41-9EDC7B940918}.Debug|x86.ActiveCfg = Debug|Win32
		{10298B35-271A-4B78-BC41-9EDC7B940918}.Debug|x86.Build.0 = Debug|Win32
		{10298B35-271A-4B78-BC41-9EDC7B940918}.Release|x64.ActiveCfg = Release|x64
		{10298B35-271A-4B78-BC41-9EDC7B940918}.Release|x64.Build.0 = Release|x64
		{10298B35-271A-4B78-BC41-9EDC7B940918}.Release|x86.ActiveCfg = Release|Win32
		{10298B35-271A-4B78-BC41-9EDC7B940918}.Release|x86.Build.0 = Release|Win32
	EndGlobalSection
	GlobalSection(SolutionProperties) = preSolution
		HideSolutionNode = FALSE
	EndGlobalSection
	GlobalSection(ExtensibilityGlobals) = postSolution
		SolutionGuid = {DAF41947-3D67-4D3D-8FA2-881A1609B9A0}
	EndGlobalSection
EndGlobal
